// !$*UTF8*$!
{
	archiveVersion = 1;
	classes = {
	};
	objectVersion = 56;
	objects = {

/* Begin PBXBuildFile section */
		C85C8B6C2C55F5C80011CB13 /* iBeaconConceptApp.swift in Sources */ = {isa = PBXBuildFile; fileRef = C85C8B6B2C55F5C80011CB13 /* iBeaconConceptApp.swift */; };
		C85C8B6E2C55F5C80011CB13 /* ContentView.swift in Sources */ = {isa = PBXBuildFile; fileRef = C85C8B6D2C55F5C80011CB13 /* ContentView.swift */; };
		C85C8B702C55F5CA0011CB13 /* Assets.xcassets in Resources */ = {isa = PBXBuildFile; fileRef = C85C8B6F2C55F5CA0011CB13 /* Assets.xcassets */; };
		C85C8B732C55F5CA0011CB13 /* Preview Assets.xcassets in Resources */ = {isa = PBXBuildFile; fileRef = C85C8B722C55F5CA0011CB13 /* Preview Assets.xcassets */; };
		C85C8B7D2C55F5CA0011CB13 /* iBeaconConceptTests.swift in Sources */ = {isa = PBXBuildFile; fileRef = C85C8B7C2C55F5CA0011CB13 /* iBeaconConceptTests.swift */; };
		C85C8B872C55F5CA0011CB13 /* iBeaconConceptUITests.swift in Sources */ = {isa = PBXBuildFile; fileRef = C85C8B862C55F5CA0011CB13 /* iBeaconConceptUITests.swift */; };
		C85C8B892C55F5CA0011CB13 /* iBeaconConceptUITestsLaunchTests.swift in Sources */ = {isa = PBXBuildFile; fileRef = C85C8B882C55F5CA0011CB13 /* iBeaconConceptUITestsLaunchTests.swift */; };
		C85C8B962C55F8DC0011CB13 /* ConentViewModel.swift in Sources */ = {isa = PBXBuildFile; fileRef = C85C8B952C55F8DC0011CB13 /* ConentViewModel.swift */; };
/* End PBXBuildFile section */

/* Begin PBXContainerItemProxy section */
		C85C8B792C55F5CA0011CB13 /* PBXContainerItemProxy */ = {
			isa = PBXContainerItemProxy;
			containerPortal = C85C8B602C55F5C80011CB13 /* Project object */;
			proxyType = 1;
			remoteGlobalIDString = C85C8B672C55F5C80011CB13;
			remoteInfo = iBeaconConcept;
		};
		C85C8B832C55F5CA0011CB13 /* PBXContainerItemProxy */ = {
			isa = PBXContainerItemProxy;
			containerPortal = C85C8B602C55F5C80011CB13 /* Project object */;
			proxyType = 1;
			remoteGlobalIDString = C85C8B672C55F5C80011CB13;
			remoteInfo = iBeaconConcept;
		};
/* End PBXContainerItemProxy section */

/* Begin PBXFileReference section */
		C85C8B682C55F5C80011CB13 /* iBeaconConcept.app */ = {isa = PBXFileReference; explicitFileType = wrapper.application; includeInIndex = 0; path = iBeaconConcept.app; sourceTree = BUILT_PRODUCTS_DIR; };
		C85C8B6B2C55F5C80011CB13 /* iBeaconConceptApp.swift */ = {isa = PBXFileReference; lastKnownFileType = sourcecode.swift; path = iBeaconConceptApp.swift; sourceTree = "<group>"; };
		C85C8B6D2C55F5C80011CB13 /* ContentView.swift */ = {isa = PBXFileReference; lastKnownFileType = sourcecode.swift; path = ContentView.swift; sourceTree = "<group>"; };
		C85C8B6F2C55F5CA0011CB13 /* Assets.xcassets */ = {isa = PBXFileReference; lastKnownFileType = folder.assetcatalog; path = Assets.xcassets; sourceTree = "<group>"; };
		C85C8B722C55F5CA0011CB13 /* Preview Assets.xcassets */ = {isa = PBXFileReference; lastKnownFileType = folder.assetcatalog; path = "Preview Assets.xcassets"; sourceTree = "<group>"; };
		C85C8B782C55F5CA0011CB13 /* iBeaconConceptTests.xctest */ = {isa = PBXFileReference; explicitFileType = wrapper.cfbundle; includeInIndex = 0; path = iBeaconConceptTests.xctest; sourceTree = BUILT_PRODUCTS_DIR; };
		C85C8B7C2C55F5CA0011CB13 /* iBeaconConceptTests.swift */ = {isa = PBXFileReference; lastKnownFileType = sourcecode.swift; path = iBeaconConceptTests.swift; sourceTree = "<group>"; };
		C85C8B822C55F5CA0011CB13 /* iBeaconConceptUITests.xctest */ = {isa = PBXFileReference; explicitFileType = wrapper.cfbundle; includeInIndex = 0; path = iBeaconConceptUITests.xctest; sourceTree = BUILT_PRODUCTS_DIR; };
		C85C8B862C55F5CA0011CB13 /* iBeaconConceptUITests.swift */ = {isa = PBXFileReference; lastKnownFileType = sourcecode.swift; path = iBeaconConceptUITests.swift; sourceTree = "<group>"; };
		C85C8B882C55F5CA0011CB13 /* iBeaconConceptUITestsLaunchTests.swift */ = {isa = PBXFileReference; lastKnownFileType = sourcecode.swift; path = iBeaconConceptUITestsLaunchTests.swift; sourceTree = "<group>"; };
		C85C8B952C55F8DC0011CB13 /* ConentViewModel.swift */ = {isa = PBXFileReference; lastKnownFileType = sourcecode.swift; path = ConentViewModel.swift; sourceTree = "<group>"; };
		C85C8B972C55F9390011CB13 /* Info.plist */ = {isa = PBXFileReference; lastKnownFileType = text.plist; path = Info.plist; sourceTree = "<group>"; };
/* End PBXFileReference section */

/* Begin PBXFrameworksBuildPhase section */
		C85C8B652C55F5C80011CB13 /* Frameworks */ = {
			isa = PBXFrameworksBuildPhase;
			buildActionMask = 2147483647;
			files = (
			);
			runOnlyForDeploymentPostprocessing = 0;
		};
		C85C8B752C55F5CA0011CB13 /* Frameworks */ = {
			isa = PBXFrameworksBuildPhase;
			buildActionMask = 2147483647;
			files = (
			);
			runOnlyForDeploymentPostprocessing = 0;
		};
		C85C8B7F2C55F5CA0011CB13 /* Frameworks */ = {
			isa = PBXFrameworksBuildPhase;
			buildActionMask = 2147483647;
			files = (
			);
			runOnlyForDeploymentPostprocessing = 0;
		};
/* End PBXFrameworksBuildPhase section */

/* Begin PBXGroup section */
		C85C8B5F2C55F5C80011CB13 = {
			isa = PBXGroup;
			children = (
				C85C8B6A2C55F5C80011CB13 /* iBeaconConcept */,
				C85C8B7B2C55F5CA0011CB13 /* iBeaconConceptTests */,
				C85C8B852C55F5CA0011CB13 /* iBeaconConceptUITests */,
				C85C8B692C55F5C80011CB13 /* Products */,
			);
			sourceTree = "<group>";
		};
		C85C8B692C55F5C80011CB13 /* Products */ = {
			isa = PBXGroup;
			children = (
				C85C8B682C55F5C80011CB13 /* iBeaconConcept.app */,
				C85C8B782C55F5CA0011CB13 /* iBeaconConceptTests.xctest */,
				C85C8B822C55F5CA0011CB13 /* iBeaconConceptUITests.xctest */,
			);
			name = Products;
			sourceTree = "<group>";
		};
		C85C8B6A2C55F5C80011CB13 /* iBeaconConcept */ = {
			isa = PBXGroup;
			children = (
				C85C8B972C55F9390011CB13 /* Info.plist */,
				C85C8B6B2C55F5C80011CB13 /* iBeaconConceptApp.swift */,
				C85C8B6D2C55F5C80011CB13 /* ContentView.swift */,
				C85C8B952C55F8DC0011CB13 /* ConentViewModel.swift */,
				C85C8B6F2C55F5CA0011CB13 /* Assets.xcassets */,
				C85C8B712C55F5CA0011CB13 /* Preview Content */,
			);
			path = iBeaconConcept;
			sourceTree = "<group>";
		};
		C85C8B712C55F5CA0011CB13 /* Preview Content */ = {
			isa = PBXGroup;
			children = (
				C85C8B722C55F5CA0011CB13 /* Preview Assets.xcassets */,
			);
			path = "Preview Content";
			sourceTree = "<group>";
		};
		C85C8B7B2C55F5CA0011CB13 /* iBeaconConceptTests */ = {
			isa = PBXGroup;
			children = (
				C85C8B7C2C55F5CA0011CB13 /* iBeaconConceptTests.swift */,
			);
			path = iBeaconConceptTests;
			sourceTree = "<group>";
		};
		C85C8B852C55F5CA0011CB13 /* iBeaconConceptUITests */ = {
			isa = PBXGroup;
			children = (
				C85C8B862C55F5CA0011CB13 /* iBeaconConceptUITests.swift */,
				C85C8B882C55F5CA0011CB13 /* iBeaconConceptUITestsLaunchTests.swift */,
			);
			path = iBeaconConceptUITests;
			sourceTree = "<group>";
		};
/* End PBXGroup section */

/* Begin PBXNativeTarget section */
		C85C8B672C55F5C80011CB13 /* iBeaconConcept */ = {
			isa = PBXNativeTarget;
			buildConfigurationList = C85C8B8C2C55F5CA0011CB13 /* Build configuration list for PBXNativeTarget "iBeaconConcept" */;
			buildPhases = (
				C85C8B642C55F5C80011CB13 /* Sources */,
				C85C8B652C55F5C80011CB13 /* Frameworks */,
				C85C8B662C55F5C80011CB13 /* Resources */,
			);
			buildRules = (
			);
			dependencies = (
			);
			name = iBeaconConcept;
			packageProductDependencies = (
			);
			productName = iBeaconConcept;
			productReference = C85C8B682C55F5C80011CB13 /* iBeaconConcept.app */;
			productType = "com.apple.product-type.application";
		};
		C85C8B772C55F5CA0011CB13 /* iBeaconConceptTests */ = {
			isa = PBXNativeTarget;
			buildConfigurationList = C85C8B8F2C55F5CA0011CB13 /* Build configuration list for PBXNativeTarget "iBeaconConceptTests" */;
			buildPhases = (
				C85C8B742C55F5CA0011CB13 /* Sources */,
				C85C8B752C55F5CA0011CB13 /* Frameworks */,
				C85C8B762C55F5CA0011CB13 /* Resources */,
			);
			buildRules = (
			);
			dependencies = (
				C85C8B7A2C55F5CA0011CB13 /* PBXTargetDependency */,
			);
			name = iBeaconConceptTests;
			productName = iBeaconConceptTests;
			productReference = C85C8B782C55F5CA0011CB13 /* iBeaconConceptTests.xctest */;
			productType = "com.apple.product-type.bundle.unit-test";
		};
		C85C8B812C55F5CA0011CB13 /* iBeaconConceptUITests */ = {
			isa = PBXNativeTarget;
			buildConfigurationList = C85C8B922C55F5CA0011CB13 /* Build configuration list for PBXNativeTarget "iBeaconConceptUITests" */;
			buildPhases = (
				C85C8B7E2C55F5CA0011CB13 /* Sources */,
				C85C8B7F2C55F5CA0011CB13 /* Frameworks */,
				C85C8B802C55F5CA0011CB13 /* Resources */,
			);
			buildRules = (
			);
			dependencies = (
				C85C8B842C55F5CA0011CB13 /* PBXTargetDependency */,
			);
			name = iBeaconConceptUITests;
			productName = iBeaconConceptUITests;
			productReference = C85C8B822C55F5CA0011CB13 /* iBeaconConceptUITests.xctest */;
			productType = "com.apple.product-type.bundle.ui-testing";
		};
/* End PBXNativeTarget section */

/* Begin PBXProject section */
		C85C8B602C55F5C80011CB13 /* Project object */ = {
			isa = PBXProject;
			attributes = {
				BuildIndependentTargetsInParallel = 1;
				LastSwiftUpdateCheck = 1540;
				LastUpgradeCheck = 1540;
				TargetAttributes = {
					C85C8B672C55F5C80011CB13 = {
						CreatedOnToolsVersion = 15.4;
					};
					C85C8B772C55F5CA0011CB13 = {
						CreatedOnToolsVersion = 15.4;
						TestTargetID = C85C8B672C55F5C80011CB13;
					};
					C85C8B812C55F5CA0011CB13 = {
						CreatedOnToolsVersion = 15.4;
						TestTargetID = C85C8B672C55F5C80011CB13;
					};
				};
			};
			buildConfigurationList = C85C8B632C55F5C80011CB13 /* Build configuration list for PBXProject "iBeaconConcept" */;
			compatibilityVersion = "Xcode 14.0";
			developmentRegion = en;
			hasScannedForEncodings = 0;
			knownRegions = (
				en,
				Base,
			);
			mainGroup = C85C8B5F2C55F5C80011CB13;
			packageReferences = (
			);
			productRefGroup = C85C8B692C55F5C80011CB13 /* Products */;
			projectDirPath = "";
			projectRoot = "";
			targets = (
				C85C8B672C55F5C80011CB13 /* iBeaconConcept */,
				C85C8B772C55F5CA0011CB13 /* iBeaconConceptTests */,
				C85C8B812C55F5CA0011CB13 /* iBeaconConceptUITests */,
			);
		};
/* End PBXProject section */

/* Begin PBXResourcesBuildPhase section */
		C85C8B662C55F5C80011CB13 /* Resources */ = {
			isa = PBXResourcesBuildPhase;
			buildActionMask = 2147483647;
			files = (
				C85C8B732C55F5CA0011CB13 /* Preview Assets.xcassets in Resources */,
				C85C8B702C55F5CA0011CB13 /* Assets.xcassets in Resources */,
			);
			runOnlyForDeploymentPostprocessing = 0;
		};
		C85C8B762C55F5CA0011CB13 /* Resources */ = {
			isa = PBXResourcesBuildPhase;
			buildActionMask = 2147483647;
			files = (
			);
			runOnlyForDeploymentPostprocessing = 0;
		};
		C85C8B802C55F5CA0011CB13 /* Resources */ = {
			isa = PBXResourcesBuildPhase;
			buildActionMask = 2147483647;
			files = (
			);
			runOnlyForDeploymentPostprocessing = 0;
		};
/* End PBXResourcesBuildPhase section */

/* Begin PBXSourcesBuildPhase section */
		C85C8B642C55F5C80011CB13 /* Sources */ = {
			isa = PBXSourcesBuildPhase;
			buildActionMask = 2147483647;
			files = (
				C85C8B6E2C55F5C80011CB13 /* ContentView.swift in Sources */,
				C85C8B962C55F8DC0011CB13 /* ConentViewModel.swift in Sources */,
				C85C8B6C2C55F5C80011CB13 /* iBeaconConceptApp.swift in Sources */,
			);
			runOnlyForDeploymentPostprocessing = 0;
		};
		C85C8B742C55F5CA0011CB13 /* Sources */ = {
			isa = PBXSourcesBuildPhase;
			buildActionMask = 2147483647;
			files = (
				C85C8B7D2C55F5CA0011CB13 /* iBeaconConceptTests.swift in Sources */,
			);
			runOnlyForDeploymentPostprocessing = 0;
		};
		C85C8B7E2C55F5CA0011CB13 /* Sources */ = {
			isa = PBXSourcesBuildPhase;
			buildActionMask = 2147483647;
			files = (
				C85C8B872C55F5CA0011CB13 /* iBeaconConceptUITests.swift in Sources */,
				C85C8B892C55F5CA0011CB13 /* iBeaconConceptUITestsLaunchTests.swift in Sources */,
			);
			runOnlyForDeploymentPostprocessing = 0;
		};
/* End PBXSourcesBuildPhase section */

/* Begin PBXTargetDependency section */
		C85C8B7A2C55F5CA0011CB13 /* PBXTargetDependency */ = {
			isa = PBXTargetDependency;
			target = C85C8B672C55F5C80011CB13 /* iBeaconConcept */;
			targetProxy = C85C8B792C55F5CA0011CB13 /* PBXContainerItemProxy */;
		};
		C85C8B842C55F5CA0011CB13 /* PBXTargetDependency */ = {
			isa = PBXTargetDependency;
			target = C85C8B672C55F5C80011CB13 /* iBeaconConcept */;
			targetProxy = C85C8B832C55F5CA0011CB13 /* PBXContainerItemProxy */;
		};
/* End PBXTargetDependency section */

/* Begin XCBuildConfiguration section */
		C85C8B8A2C55F5CA0011CB13 /* Debug */ = {
			isa = XCBuildConfiguration;
			buildSettings = {
				ALWAYS_SEARCH_USER_PATHS = NO;
				ASSETCATALOG_COMPILER_GENERATE_SWIFT_ASSET_SYMBOL_EXTENSIONS = YES;
				CLANG_ANALYZER_NONNULL = YES;
				CLANG_ANALYZER_NUMBER_OBJECT_CONVERSION = YES_AGGRESSIVE;
				CLANG_CXX_LANGUAGE_STANDARD = "gnu++20";
				CLANG_ENABLE_MODULES = YES;
				CLANG_ENABLE_OBJC_ARC = YES;
				CLANG_ENABLE_OBJC_WEAK = YES;
				CLANG_WARN_BLOCK_CAPTURE_AUTORELEASING = YES;
				CLANG_WARN_BOOL_CONVERSION = YES;
				CLANG_WARN_COMMA = YES;
				CLANG_WARN_CONSTANT_CONVERSION = YES;
				CLANG_WARN_DEPRECATED_OBJC_IMPLEMENTATIONS = YES;
				CLANG_WARN_DIRECT_OBJC_ISA_USAGE = YES_ERROR;
				CLANG_WARN_DOCUMENTATION_COMMENTS = YES;
				CLANG_WARN_EMPTY_BODY = YES;
				CLANG_WARN_ENUM_CONVERSION = YES;
				CLANG_WARN_INFINITE_RECURSION = YES;
				CLANG_WARN_INT_CONVERSION = YES;
				CLANG_WARN_NON_LITERAL_NULL_CONVERSION = YES;
				CLANG_WARN_OBJC_IMPLICIT_RETAIN_SELF = YES;
				CLANG_WARN_OBJC_LITERAL_CONVERSION = YES;
				CLANG_WARN_OBJC_ROOT_CLASS = YES_ERROR;
				CLANG_WARN_QUOTED_INCLUDE_IN_FRAMEWORK_HEADER = YES;
				CLANG_WARN_RANGE_LOOP_ANALYSIS = YES;
				CLANG_WARN_STRICT_PROTOTYPES = YES;
				CLANG_WARN_SUSPICIOUS_MOVE = YES;
				CLANG_WARN_UNGUARDED_AVAILABILITY = YES_AGGRESSIVE;
				CLANG_WARN_UNREACHABLE_CODE = YES;
				CLANG_WARN__DUPLICATE_METHOD_MATCH = YES;
				COPY_PHASE_STRIP = NO;
				DEBUG_INFORMATION_FORMAT = dwarf;
				ENABLE_STRICT_OBJC_MSGSEND = YES;
				ENABLE_TESTABILITY = YES;
				ENABLE_USER_SCRIPT_SANDBOXING = YES;
				GCC_C_LANGUAGE_STANDARD = gnu17;
				GCC_DYNAMIC_NO_PIC = NO;
				GCC_NO_COMMON_BLOCKS = YES;
				GCC_OPTIMIZATION_LEVEL = 0;
				GCC_PREPROCESSOR_DEFINITIONS = (
					"DEBUG=1",
					"$(inherited)",
				);
				GCC_WARN_64_TO_32_BIT_CONVERSION = YES;
				GCC_WARN_ABOUT_RETURN_TYPE = YES_ERROR;
				GCC_WARN_UNDECLARED_SELECTOR = YES;
				GCC_WARN_UNINITIALIZED_AUTOS = YES_AGGRESSIVE;
				GCC_WARN_UNUSED_FUNCTION = YES;
				GCC_WARN_UNUSED_VARIABLE = YES;
				IPHONEOS_DEPLOYMENT_TARGET = 17.5;
				LOCALIZATION_PREFERS_STRING_CATALOGS = YES;
				MTL_ENABLE_DEBUG_INFO = INCLUDE_SOURCE;
				MTL_FAST_MATH = YES;
				ONLY_ACTIVE_ARCH = YES;
				SDKROOT = iphoneos;
				SWIFT_ACTIVE_COMPILATION_CONDITIONS = "DEBUG $(inherited)";
				SWIFT_OPTIMIZATION_LEVEL = "-Onone";
			};
			name = Debug;
		};
		C85C8B8B2C55F5CA0011CB13 /* Release */ = {
			isa = XCBuildConfiguration;
			buildSettings = {
				ALWAYS_SEARCH_USER_PATHS = NO;
				ASSETCATALOG_COMPILER_GENERATE_SWIFT_ASSET_SYMBOL_EXTENSIONS = YES;
				CLANG_ANALYZER_NONNULL = YES;
				CLANG_ANALYZER_NUMBER_OBJECT_CONVERSION = YES_AGGRESSIVE;
				CLANG_CXX_LANGUAGE_STANDARD = "gnu++20";
				CLANG_ENABLE_MODULES = YES;
				CLANG_ENABLE_OBJC_ARC = YES;
				CLANG_ENABLE_OBJC_WEAK = YES;
				CLANG_WARN_BLOCK_CAPTURE_AUTORELEASING = YES;
				CLANG_WARN_BOOL_CONVERSION = YES;
				CLANG_WARN_COMMA = YES;
				CLANG_WARN_CONSTANT_CONVERSION = YES;
				CLANG_WARN_DEPRECATED_OBJC_IMPLEMENTATIONS = YES;
				CLANG_WARN_DIRECT_OBJC_ISA_USAGE = YES_ERROR;
				CLANG_WARN_DOCUMENTATION_COMMENTS = YES;
				CLANG_WARN_EMPTY_BODY = YES;
				CLANG_WARN_ENUM_CONVERSION = YES;
				CLANG_WARN_INFINITE_RECURSION = YES;
				CLANG_WARN_INT_CONVERSION = YES;
				CLANG_WARN_NON_LITERAL_NULL_CONVERSION = YES;
				CLANG_WARN_OBJC_IMPLICIT_RETAIN_SELF = YES;
				CLANG_WARN_OBJC_LITERAL_CONVERSION = YES;
				CLANG_WARN_OBJC_ROOT_CLASS = YES_ERROR;
				CLANG_WARN_QUOTED_INCLUDE_IN_FRAMEWORK_HEADER = YES;
				CLANG_WARN_RANGE_LOOP_ANALYSIS = YES;
				CLANG_WARN_STRICT_PROTOTYPES = YES;
				CLANG_WARN_SUSPICIOUS_MOVE = YES;
				CLANG_WARN_UNGUARDED_AVAILABILITY = YES_AGGRESSIVE;
				CLANG_WARN_UNREACHABLE_CODE = YES;
				CLANG_WARN__DUPLICATE_METHOD_MATCH = YES;
				COPY_PHASE_STRIP = NO;
				DEBUG_INFORMATION_FORMAT = "dwarf-with-dsym";
				ENABLE_NS_ASSERTIONS = NO;
				ENABLE_STRICT_OBJC_MSGSEND = YES;
				ENABLE_USER_SCRIPT_SANDBOXING = YES;
				GCC_C_LANGUAGE_STANDARD = gnu17;
				GCC_NO_COMMON_BLOCKS = YES;
				GCC_WARN_64_TO_32_BIT_CONVERSION = YES;
				GCC_WARN_ABOUT_RETURN_TYPE = YES_ERROR;
				GCC_WARN_UNDECLARED_SELECTOR = YES;
				GCC_WARN_UNINITIALIZED_AUTOS = YES_AGGRESSIVE;
				GCC_WARN_UNUSED_FUNCTION = YES;
				GCC_WARN_UNUSED_VARIABLE = YES;
				IPHONEOS_DEPLOYMENT_TARGET = 17.5;
				LOCALIZATION_PREFERS_STRING_CATALOGS = YES;
				MTL_ENABLE_DEBUG_INFO = NO;
				MTL_FAST_MATH = YES;
				SDKROOT = iphoneos;
				SWIFT_COMPILATION_MODE = wholemodule;
				VALIDATE_PRODUCT = YES;
			};
			name = Release;
		};
		C85C8B8D2C55F5CA0011CB13 /* Debug */ = {
			isa = XCBuildConfiguration;
			buildSettings = {
				ASSETCATALOG_COMPILER_APPICON_NAME = AppIcon;
				ASSETCATALOG_COMPILER_GLOBAL_ACCENT_COLOR_NAME = AccentColor;
				CODE_SIGN_STYLE = Automatic;
				CURRENT_PROJECT_VERSION = 1;
				DEVELOPMENT_ASSET_PATHS = "\"iBeaconConcept/Preview Content\"";
				ENABLE_PREVIEWS = YES;
				GENERATE_INFOPLIST_FILE = YES;
				INFOPLIST_FILE = iBeaconConcept/Info.plist;
				INFOPLIST_KEY_UIApplicationSceneManifest_Generation = YES;
				INFOPLIST_KEY_UIApplicationSupportsIndirectInputEvents = YES;
				INFOPLIST_KEY_UILaunchScreen_Generation = YES;
				INFOPLIST_KEY_UISupportedInterfaceOrientations_iPad = "UIInterfaceOrientationPortrait UIInterfaceOrientationPortraitUpsideDown UIInterfaceOrientationLandscapeLeft UIInterfaceOrientationLandscapeRight";
				INFOPLIST_KEY_UISupportedInterfaceOrientations_iPhone = "UIInterfaceOrientationPortrait UIInterfaceOrientationLandscapeLeft UIInterfaceOrientationLandscapeRight";
				LD_RUNPATH_SEARCH_PATHS = (
					"$(inherited)",
					"@executable_path/Frameworks",
				);
				MARKETING_VERSION = 1.0;
				PRODUCT_BUNDLE_IDENTIFIER = com.ioapp.beacon.iBeaconConcept;
				PRODUCT_NAME = "$(TARGET_NAME)";
				SWIFT_EMIT_LOC_STRINGS = YES;
				SWIFT_VERSION = 5.0;
				TARGETED_DEVICE_FAMILY = "1,2";
			};
			name = Debug;
		};
		C85C8B8E2C55F5CA0011CB13 /* Release */ = {
			isa = XCBuildConfiguration;
			buildSettings = {
				ASSETCATALOG_COMPILER_APPICON_NAME = AppIcon;
				ASSETCATALOG_COMPILER_GLOBAL_ACCENT_COLOR_NAME = AccentColor;
				CODE_SIGN_STYLE = Automatic;
				CURRENT_PROJECT_VERSION = 1;
				DEVELOPMENT_ASSET_PATHS = "\"iBeaconConcept/Preview Content\"";
				ENABLE_PREVIEWS = YES;
				GENERATE_INFOPLIST_FILE = YES;
				INFOPLIST_FILE = iBeaconConcept/Info.plist;
				INFOPLIST_KEY_UIApplicationSceneManifest_Generation = YES;
				INFOPLIST_KEY_UIApplicationSupportsIndirectInputEvents = YES;
				INFOPLIST_KEY_UILaunchScreen_Generation = YES;
				INFOPLIST_KEY_UISupportedInterfaceOrientations_iPad = "UIInterfaceOrientationPortrait UIInterfaceOrientationPortraitUpsideDown UIInterfaceOrientationLandscapeLeft UIInterfaceOrientationLandscapeRight";
				INFOPLIST_KEY_UISupportedInterfaceOrientations_iPhone = "UIInterfaceOrientationPortrait UIInterfaceOrientationLandscapeLeft UIInterfaceOrientationLandscapeRight";
				LD_RUNPATH_SEARCH_PATHS = (
					"$(inherited)",
					"@executable_path/Frameworks",
				);
				MARKETING_VERSION = 1.0;
				PRODUCT_BUNDLE_IDENTIFIER = com.ioapp.beacon.iBeaconConcept;
				PRODUCT_NAME = "$(TARGET_NAME)";
				SWIFT_EMIT_LOC_STRINGS = YES;
				SWIFT_VERSION = 5.0;
				TARGETED_DEVICE_FAMILY = "1,2";
			};
			name = Release;
		};
		C85C8B902C55F5CA0011CB13 /* Debug */ = {
			isa = XCBuildConfiguration;
			buildSettings = {
				ALWAYS_EMBED_SWIFT_STANDARD_LIBRARIES = YES;
				BUNDLE_LOADER = "$(TEST_HOST)";
				CODE_SIGN_STYLE = Automatic;
				CURRENT_PROJECT_VERSION = 1;
				GENERATE_INFOPLIST_FILE = YES;
				IPHONEOS_DEPLOYMENT_TARGET = 17.5;
				MARKETING_VERSION = 1.0;
				PRODUCT_BUNDLE_IDENTIFIER = com.ioapp.beacon.iBeaconConceptTests;
				PRODUCT_NAME = "$(TARGET_NAME)";
				SWIFT_EMIT_LOC_STRINGS = NO;
				SWIFT_VERSION = 5.0;
				TARGETED_DEVICE_FAMILY = "1,2";
				TEST_HOST = "$(BUILT_PRODUCTS_DIR)/iBeaconConcept.app/$(BUNDLE_EXECUTABLE_FOLDER_PATH)/iBeaconConcept";
			};
			name = Debug;
		};
		C85C8B912C55F5CA0011CB13 /* Release */ = {
			isa = XCBuildConfiguration;
			buildSettings = {
				ALWAYS_EMBED_SWIFT_STANDARD_LIBRARIES = YES;
				BUNDLE_LOADER = "$(TEST_HOST)";
				CODE_SIGN_STYLE = Automatic;
				CURRENT_PROJECT_VERSION = 1;
				GENERATE_INFOPLIST_FILE = YES;
				IPHONEOS_DEPLOYMENT_TARGET = 17.5;
				MARKETING_VERSION = 1.0;
				PRODUCT_BUNDLE_IDENTIFIER = com.ioapp.beacon.iBeaconConceptTests;
				PRODUCT_NAME = "$(TARGET_NAME)";
				SWIFT_EMIT_LOC_STRINGS = NO;
				SWIFT_VERSION = 5.0;
				TARGETED_DEVICE_FAMILY = "1,2";
				TEST_HOST = "$(BUILT_PRODUCTS_DIR)/iBeaconConcept.app/$(BUNDLE_EXECUTABLE_FOLDER_PATH)/iBeaconConcept";
			};
			name = Release;
		};
		C85C8B932C55F5CA0011CB13 /* Debug */ = {
			isa = XCBuildConfiguration;
			buildSettings = {
				ALWAYS_EMBED_SWIFT_STANDARD_LIBRARIES = YES;
				CODE_SIGN_STYLE = Automatic;
				CURRENT_PROJECT_VERSION = 1;
				GENERATE_INFOPLIST_FILE = YES;
				MARKETING_VERSION = 1.0;
				PRODUCT_BUNDLE_IDENTIFIER = com.ioapp.beacon.iBeaconConceptUITests;
				PRODUCT_NAME = "$(TARGET_NAME)";
				SWIFT_EMIT_LOC_STRINGS = NO;
				SWIFT_VERSION = 5.0;
				TARGETED_DEVICE_FAMILY = "1,2";
				TEST_TARGET_NAME = iBeaconConcept;
			};
			name = Debug;
		};
		C85C8B942C55F5CA0011CB13 /* Release */ = {
			isa = XCBuildConfiguration;
			buildSettings = {
				ALWAYS_EMBED_SWIFT_STANDARD_LIBRARIES = YES;
				CODE_SIGN_STYLE = Automatic;
				CURRENT_PROJECT_VERSION = 1;
				GENERATE_INFOPLIST_FILE = YES;
				MARKETING_VERSION = 1.0;
				PRODUCT_BUNDLE_IDENTIFIER = com.ioapp.beacon.iBeaconConceptUITests;
				PRODUCT_NAME = "$(TARGET_NAME)";
				SWIFT_EMIT_LOC_STRINGS = NO;
				SWIFT_VERSION = 5.0;
				TARGETED_DEVICE_FAMILY = "1,2";
				TEST_TARGET_NAME = iBeaconConcept;
			};
			name = Release;
		};
/* End XCBuildConfiguration section */

/* Begin XCConfigurationList section */
		C85C8B632C55F5C80011CB13 /* Build configuration list for PBXProject "iBeaconConcept" */ = {
			isa = XCConfigurationList;
			buildConfigurations = (
				C85C8B8A2C55F5CA0011CB13 /* Debug */,
				C85C8B8B2C55F5CA0011CB13 /* Release */,
			);
			defaultConfigurationIsVisible = 0;
			defaultConfigurationName = Release;
		};
		C85C8B8C2C55F5CA0011CB13 /* Build configuration list for PBXNativeTarget "iBeaconConcept" */ = {
			isa = XCConfigurationList;
			buildConfigurations = (
				C85C8B8D2C55F5CA0011CB13 /* Debug */,
				C85C8B8E2C55F5CA0011CB13 /* Release */,
			);
			defaultConfigurationIsVisible = 0;
			defaultConfigurationName = Release;
		};
		C85C8B8F2C55F5CA0011CB13 /* Build configuration list for PBXNativeTarget "iBeaconConceptTests" */ = {
			isa = XCConfigurationList;
			buildConfigurations = (
				C85C8B902C55F5CA0011CB13 /* Debug */,
				C85C8B912C55F5CA0011CB13 /* Release */,
			);
			defaultConfigurationIsVisible = 0;
			defaultConfigurationName = Release;
		};
		C85C8B922C55F5CA0011CB13 /* Build configuration list for PBXNativeTarget "iBeaconConceptUITests" */ = {
			isa = XCConfigurationList;
			buildConfigurations = (
				C85C8B932C55F5CA0011CB13 /* Debug */,
				C85C8B942C55F5CA0011CB13 /* Release */,
			);
			defaultConfigurationIsVisible = 0;
			defaultConfigurationName = Release;
		};
/* End XCConfigurationList section */
	};
	rootObject = C85C8B602C55F5C80011CB13 /* Project object */;
}
